
Microsoft Visual Studio Solution File, Format Version 12.00
# Visual Studio Version 17
VisualStudioVersion = 17.2.32616.157
MinimumVisualStudioVersion = 10.0.40219.1
Project("{9A19103F-16F7-4668-BE54-9A1E7A4F7556}") = "Entities", "Entities\Entities.csproj", "{1CFBF07A-437C-4E50-8E7F-9C12C1B71648}"
EndProject
Project("{9A19103F-16F7-4668-BE54-9A1E7A4F7556}") = "Business", "Business\Business.csproj", "{CFA9969B-BFAA-49C5-B615-A71BE1B524BF}"
EndProject
Project("{9A19103F-16F7-4668-BE54-9A1E7A4F7556}") = "DataAccess", "DataAccess\DataAccess.csproj", "{DFA94375-FB5B-4FDF-B80F-25FC0C9295C2}"
EndProject
Project("{9A19103F-16F7-4668-BE54-9A1E7A4F7556}") = "ConsoleUı", "ConsoleUı\ConsoleUı.csproj", "{EE379E3A-D649-4A00-AACF-76DA0ECC407A}"
EndProject
Project("{FAE04EC0-301F-11D3-BF4B-00C04F79EFBC}") = "Core", "Core\Core.csproj", "{7F216523-49A3-4A25-9E13-DE5CF51F3089}"
EndProject
Global
	GlobalSection(SolutionConfigurationPlatforms) = preSolution
		Debug|Any CPU = Debug|Any CPU
		Release|Any CPU = Release|Any CPU
	EndGlobalSection
	GlobalSection(ProjectConfigurationPlatforms) = postSolution
		{1CFBF07A-437C-4E50-8E7F-9C12C1B71648}.Debug|Any CPU.ActiveCfg = Debug|Any CPU
		{1CFBF07A-437C-4E50-8E7F-9C12C1B71648}.Debug|Any CPU.Build.0 = Debug|Any CPU
		{1CFBF07A-437C-4E50-8E7F-9C12C1B71648}.Release|Any CPU.ActiveCfg = Release|Any CPU
		{1CFBF07A-437C-4E50-8E7F-9C12C1B71648}.Release|Any CPU.Build.0 = Release|Any CPU
		{CFA9969B-BFAA-49C5-B615-A71BE1B524BF}.Debug|Any CPU.ActiveCfg = Debug|Any CPU
		{CFA9969B-BFAA-49C5-B615-A71BE1B524BF}.Debug|Any CPU.Build.0 = Debug|Any CPU
		{CFA9969B-BFAA-49C5-B615-A71BE1B524BF}.Release|Any CPU.ActiveCfg = Release|Any CPU
		{CFA9969B-BFAA-49C5-B615-A71BE1B524BF}.Release|Any CPU.Build.0 = Release|Any CPU
		{DFA94375-FB5B-4FDF-B80F-25FC0C9295C2}.Debug|Any CPU.ActiveCfg = Debug|Any CPU
		{DFA94375-FB5B-4FDF-B80F-25FC0C9295C2}.Debug|Any CPU.Build.0 = Debug|Any CPU
		{DFA94375-FB5B-4FDF-B80F-25FC0C9295C2}.Release|Any CPU.ActiveCfg = Release|Any CPU
		{DFA94375-FB5B-4FDF-B80F-25FC0C9295C2}.Release|Any CPU.Build.0 = Release|Any CPU
		{EE379E3A-D649-4A00-AACF-76DA0ECC407A}.Debug|Any CPU.ActiveCfg = Debug|Any CPU
		{EE379E3A-D649-4A00-AACF-76DA0ECC407A}.Debug|Any CPU.Build.0 = Debug|Any CPU
		{EE379E3A-D649-4A00-AACF-76DA0ECC407A}.Release|Any CPU.ActiveCfg = Release|Any CPU
		{EE379E3A-D649-4A00-AACF-76DA0ECC407A}.Release|Any CPU.Build.0 = Release|Any CPU
		{7F216523-49A3-4A25-9E13-DE5CF51F3089}.Debug|Any CPU.ActiveCfg = Debug|Any CPU
		{7F216523-49A3-4A25-9E13-DE5CF51F3089}.Debug|Any CPU.Build.0 = Debug|Any CPU
		{7F216523-49A3-4A25-9E13-DE5CF51F3089}.Release|Any CPU.ActiveCfg = Release|Any CPU
		{7F216523-49A3-4A25-9E13-DE5CF51F3089}.Release|Any CPU.Build.0 = Release|Any CPU
	EndGlobalSection
	GlobalSection(SolutionProperties) = preSolution
		HideSolutionNode = FALSE
	EndGlobalSection
	GlobalSection(ExtensibilityGlobals) = postSolution
		SolutionGuid = {52846290-1DB0-4873-8DBB-D93728DD44B9}
	EndGlobalSection
EndGlobal
